{
  "version": 4,
  "terraform_version": "1.1.7",
  "serial": 97,
  "lineage": "8d7efdd1-a190-7ca5-5dcd-7b2b4a5b5cf3",
  "outputs": {
    "aws_security_group_web": {
      "value": [
        {
          "cidr_blocks": [
            "0.0.0.0/0"
          ],
          "description": "TLS from VPC",
          "from_port": 80,
          "ipv6_cidr_blocks": [],
          "prefix_list_ids": [],
          "protocol": "tcp",
          "security_groups": [],
          "self": false,
          "to_port": 80
        },
        {
          "cidr_blocks": [
            "185.177.0.0/16"
          ],
          "description": "ssh",
          "from_port": 22,
          "ipv6_cidr_blocks": [],
          "prefix_list_ids": [],
          "protocol": "tcp",
          "security_groups": [],
          "self": false,
          "to_port": 22
        }
      ],
      "type": [
        "set",
        [
          "object",
          {
            "cidr_blocks": [
              "list",
              "string"
            ],
            "description": "string",
            "from_port": "number",
            "ipv6_cidr_blocks": [
              "list",
              "string"
            ],
            "prefix_list_ids": [
              "list",
              "string"
            ],
            "protocol": "string",
            "security_groups": [
              "set",
              "string"
            ],
            "self": "bool",
            "to_port": "number"
          }
        ]
      ]
    },
    "instance_public_ip": {
      "value": "3.120.34.217",
      "type": "string"
    }
  },
  "resources": [
    {
      "mode": "managed",
      "type": "aws_instance",
      "name": "ub_ddos1",
      "provider": "provider[\"registry.terraform.io/hashicorp/aws\"]",
      "instances": [
        {
          "schema_version": 1,
          "attributes": {
            "ami": "ami-0d527b8c289b4af7f",
            "arn": "arn:aws:ec2:eu-central-1:583190755409:instance/i-0cfc019cda83cd449",
            "associate_public_ip_address": true,
            "availability_zone": "eu-central-1b",
            "capacity_reservation_specification": [
              {
                "capacity_reservation_preference": "open",
                "capacity_reservation_target": []
              }
            ],
            "cpu_core_count": 1,
            "cpu_threads_per_core": 1,
            "credit_specification": [
              {
                "cpu_credits": "standard"
              }
            ],
            "disable_api_termination": false,
            "ebs_block_device": [],
            "ebs_optimized": false,
            "enclave_options": [
              {
                "enabled": false
              }
            ],
            "ephemeral_block_device": [],
            "get_password_data": false,
            "hibernation": false,
            "host_id": null,
            "iam_instance_profile": "",
            "id": "i-0cfc019cda83cd449",
            "instance_initiated_shutdown_behavior": "stop",
            "instance_state": "running",
            "instance_type": "t2.micro",
            "ipv6_address_count": 0,
            "ipv6_addresses": [],
            "key_name": "iiva5897",
            "launch_template": [],
            "metadata_options": [
              {
                "http_endpoint": "enabled",
                "http_put_response_hop_limit": 1,
                "http_tokens": "optional",
                "instance_metadata_tags": "disabled"
              }
            ],
            "monitoring": false,
            "network_interface": [],
            "outpost_arn": "",
            "password_data": "",
            "placement_group": "",
            "placement_partition_number": null,
            "primary_network_interface_id": "eni-05ef6498141a6f945",
            "private_dns": "ip-172-31-45-45.eu-central-1.compute.internal",
            "private_ip": "172.31.45.45",
            "public_dns": "ec2-3-120-34-217.eu-central-1.compute.amazonaws.com",
            "public_ip": "3.120.34.217",
            "root_block_device": [
              {
                "delete_on_termination": true,
                "device_name": "/dev/sda1",
                "encrypted": false,
                "iops": 100,
                "kms_key_id": "",
                "tags": {},
                "throughput": 0,
                "volume_id": "vol-00f9c9a07371cd8bf",
                "volume_size": 8,
                "volume_type": "gp2"
              }
            ],
            "secondary_private_ips": [],
            "security_groups": [
              "web"
            ],
            "source_dest_check": true,
            "subnet_id": "subnet-0166f342e4ba7ffb8",
            "tags": {
              "Environment": "ub",
              "Name": "nginx"
            },
            "tags_all": {
              "Environment": "ub",
              "Name": "nginx"
            },
            "tenancy": "default",
            "timeouts": null,
            "user_data": "3b0b9fce7acff16b74b4fa84753b77e210aba723",
            "user_data_base64": null,
            "volume_tags": null,
            "vpc_security_group_ids": [
              "sg-0402d24618be9ce90"
            ]
          },
          "sensitive_attributes": [],
          "private": "eyJlMmJmYjczMC1lY2FhLTExZTYtOGY4OC0zNDM2M2JjN2M0YzAiOnsiY3JlYXRlIjo2MDAwMDAwMDAwMDAsImRlbGV0ZSI6MTIwMDAwMDAwMDAwMCwidXBkYXRlIjo2MDAwMDAwMDAwMDB9LCJzY2hlbWFfdmVyc2lvbiI6IjEifQ==",
          "dependencies": [
            "aws_security_group.web"
          ]
        }
      ]
    },
    {
      "mode": "managed",
      "type": "aws_security_group",
      "name": "web",
      "provider": "provider[\"registry.terraform.io/hashicorp/aws\"]",
      "instances": [
        {
          "schema_version": 1,
          "attributes": {
            "arn": "arn:aws:ec2:eu-central-1:583190755409:security-group/sg-0402d24618be9ce90",
            "description": "server test dd",
            "egress": [
              {
                "cidr_blocks": [
                  "0.0.0.0/0"
                ],
                "description": "",
                "from_port": 0,
                "ipv6_cidr_blocks": [],
                "prefix_list_ids": [],
                "protocol": "-1",
                "security_groups": [],
                "self": false,
                "to_port": 0
              }
            ],
            "id": "sg-0402d24618be9ce90",
            "ingress": [
              {
                "cidr_blocks": [
                  "0.0.0.0/0"
                ],
                "description": "TLS from VPC",
                "from_port": 80,
                "ipv6_cidr_blocks": [],
                "prefix_list_ids": [],
                "protocol": "tcp",
                "security_groups": [],
                "self": false,
                "to_port": 80
              },
              {
                "cidr_blocks": [
                  "185.177.0.0/16"
                ],
                "description": "ssh",
                "from_port": 22,
                "ipv6_cidr_blocks": [],
                "prefix_list_ids": [],
                "protocol": "tcp",
                "security_groups": [],
                "self": false,
                "to_port": 22
              }
            ],
            "name": "web",
            "name_prefix": "",
            "owner_id": "583190755409",
            "revoke_rules_on_delete": false,
            "tags": {
              "Name": "web-tag"
            },
            "tags_all": {
              "Name": "web-tag"
            },
            "timeouts": null,
            "vpc_id": "vpc-0c4395c765d50149e"
          },
          "sensitive_attributes": [],
          "private": "eyJlMmJmYjczMC1lY2FhLTExZTYtOGY4OC0zNDM2M2JjN2M0YzAiOnsiY3JlYXRlIjo2MDAwMDAwMDAwMDAsImRlbGV0ZSI6OTAwMDAwMDAwMDAwfSwic2NoZW1hX3ZlcnNpb24iOiIxIn0="
        }
      ]
    }
  ]
}
